{
  "object": {
    "pins": [
      {
        "package": "Facebook",
        "repositoryURL": "https://github.com/facebook/facebook-ios-sdk",
        "state": {
          "branch": null,
          "revision": "3fe31c168903759de1c5752d12856c5c437c6862",
          "version": "16.3.1"
        }
      },
      {
        "package": "TealiumSwift",
        "repositoryURL": "https://github.com/tealium/tealium-swift",
        "state": {
          "branch": null,
          "revision": "f81b7cbcf90d1724e5ce883f82322913fea6094c",
          "version": "2.16.0"
        }
      }
    ]
  },
  "version": 1
}
