{
  "object": {
    "pins": [
      {
        "package": "Facebook",
        "repositoryURL": "https://github.com/facebook/facebook-ios-sdk",
        "state": {
          "branch": null,
          "revision": "b28dde427715b45a26ebebf697929f4a81b15e04",
          "version": "18.0.0"
        }
      },
      {
        "package": "TealiumSwift",
        "repositoryURL": "https://github.com/tealium/tealium-swift",
        "state": {
          "branch": null,
          "revision": "f81b7cbcf90d1724e5ce883f82322913fea6094c",
          "version": "2.16.0"
        }
      }
    ]
  },
  "version": 1
}
