PODS:
  - FBSDKCoreKit (6.2.0):
    - FBSDKCoreKit/Basics (= 6.2.0)
    - FBSDKCoreKit/Core (= 6.2.0)
  - FBSDKCoreKit/Basics (6.2.0)
  - FBSDKCoreKit/Core (6.2.0):
    - FBSDKCoreKit/Basics
  - tealium-swift/Core (1.9.1)
  - tealium-swift/TealiumAppData (1.9.1):
    - tealium-swift/Core
  - tealium-swift/TealiumDelegate (1.9.1):
    - tealium-swift/Core
  - tealium-swift/TealiumDeviceData (1.9.1):
    - tealium-swift/Core
  - tealium-swift/TealiumLifecycle (1.9.1):
    - tealium-swift/Core
  - tealium-swift/TealiumLogger (1.9.1):
    - tealium-swift/Core
  - tealium-swift/TealiumRemoteCommands (1.9.1):
    - tealium-swift/Core
  - tealium-swift/TealiumTagManagement (1.9.1):
    - tealium-swift/Core
  - TealiumFacebook (1.0.0):
    - FBSDKCoreKit (~> 6.0)
    - tealium-swift/Core (~> 1.9)
    - tealium-swift/TealiumDelegate (~> 1.9)
    - tealium-swift/TealiumRemoteCommands (~> 1.9)
    - tealium-swift/TealiumTagManagement (~> 1.9)

DEPENDENCIES:
  - tealium-swift/TealiumAppData
  - tealium-swift/TealiumDeviceData
  - tealium-swift/TealiumLifecycle
  - tealium-swift/TealiumLogger
  - tealium-swift/TealiumTagManagement
  - TealiumFacebook (from `/Users/christina/Projects/work-repos/github/tealium-ios-facebook-remote-command`)

SPEC REPOS:
  trunk:
    - FBSDKCoreKit
    - tealium-swift

EXTERNAL SOURCES:
  TealiumFacebook:
    :path: "/Users/christina/Projects/work-repos/github/tealium-ios-facebook-remote-command"

SPEC CHECKSUMS:
  FBSDKCoreKit: a7bb9f5ac56c1e11d5f8ae0b90a3610f8744b43a
  tealium-swift: bb99ff358f297765346ab98e416196420511a677
  TealiumFacebook: 9657652ba8f6c36d93600173798aaf6c01d79074

PODFILE CHECKSUM: b3d43941e1b1b0fe39d5206eb99f654e45de4078

COCOAPODS: 1.9.1
