PODS:
  - FBSDKCoreKit (6.0.0):
    - FBSDKCoreKit/Basics (= 6.0.0)
    - FBSDKCoreKit/Core (= 6.0.0)
  - FBSDKCoreKit/Basics (6.0.0)
  - FBSDKCoreKit/Core (6.0.0):
    - FBSDKCoreKit/Basics
  - tealium-swift/Core (1.9.1)
  - tealium-swift/TealiumAppData (1.9.1):
    - tealium-swift/Core
  - tealium-swift/TealiumDeviceData (1.9.1):
    - tealium-swift/Core
  - tealium-swift/TealiumLifecycle (1.9.1):
    - tealium-swift/Core
  - tealium-swift/TealiumLogger (1.9.1):
    - tealium-swift/Core
  - tealium-swift/TealiumTagManagement (1.9.1):
    - tealium-swift/Core

DEPENDENCIES:
  - FBSDKCoreKit (~> 6.0.0)
  - tealium-swift/TealiumAppData
  - tealium-swift/TealiumDeviceData
  - tealium-swift/TealiumLifecycle
  - tealium-swift/TealiumLogger
  - tealium-swift/TealiumTagManagement

SPEC REPOS:
  trunk:
    - FBSDKCoreKit
    - tealium-swift

SPEC CHECKSUMS:
  FBSDKCoreKit: fe738b172590e622c86735b45e20d196848b54df
  tealium-swift: bb99ff358f297765346ab98e416196420511a677

PODFILE CHECKSUM: 8bc731c8d854eb66b13f1ba6e68ba5fda562e0ff

COCOAPODS: 1.9.0
