PODS:
  - FBAEMKit (18.0.0):
    - FBSDKCoreKit_Basics (= 18.0.0)
  - FBSDKCoreKit (18.0.0):
    - FBAEMKit (= 18.0.0)
    - FBSDKCoreKit_Basics (= 18.0.0)
  - FBSDKCoreKit_Basics (18.0.0)
  - tealium-swift/Core (2.16.0)
  - tealium-swift/Lifecycle (2.16.0):
    - tealium-swift/Core
  - tealium-swift/RemoteCommands (2.16.0):
    - tealium-swift/Core
  - tealium-swift/TagManagement (2.16.0):
    - tealium-swift/Core
  - TealiumFacebook (1.4.0):
    - FBSDKCoreKit (~> 18.0)
    - tealium-swift/Core (~> 2.12)
    - tealium-swift/RemoteCommands (~> 2.12)

DEPENDENCIES:
  - tealium-swift/Lifecycle
  - tealium-swift/TagManagement
  - TealiumFacebook (from `../`)

SPEC REPOS:
  trunk:
    - FBAEMKit
    - FBSDKCoreKit
    - FBSDKCoreKit_Basics
    - tealium-swift

EXTERNAL SOURCES:
  TealiumFacebook:
    :path: "../"

SPEC CHECKSUMS:
  FBAEMKit: e34530df538b8eb8aeb53c35867715ba6c63ef0c
  FBSDKCoreKit: d3f479a69127acebb1c6aad91c1a33907bcf6c2f
  FBSDKCoreKit_Basics: 017b6dc2a1862024815a8229e75661e627ac1e29
  tealium-swift: b288efd08c4721cf0b70dcf1149f055fbaec977b
  TealiumFacebook: cddb0aad536b822feff0886e089f2e27023606a2

PODFILE CHECKSUM: 73c4a5a6c67d9e4aec6d91b5923b0f6e296b6c79

COCOAPODS: 1.16.2
